
Microsoft Visual Studio Solution File, Format Version 12.00
# Visual Studio 14
VisualStudioVersion = 14.0.24720.0
MinimumVisualStudioVersion = 10.0.40219.1
Project("{FAE04EC0-301F-11D3-BF4B-00C04F79EFBC}") = "PengSW_ApplicationHelper", "PengSW_ApplicationHelper\PengSW_ApplicationHelper.csproj", "{3171F2EF-08A5-4184-967F-8991F3BB7DEE}"
EndProject
Project("{FAE04EC0-301F-11D3-BF4B-00C04F79EFBC}") = "PengSW_ExcelHelper", "PengSW_ExcelHelper\PengSW_ExcelHelper.csproj", "{DE179890-FD97-4290-907A-EF27CE25CEB8}"
EndProject
Project("{FAE04EC0-301F-11D3-BF4B-00C04F79EFBC}") = "PengSW_InputHelper", "PengSW_InputHelper\PengSW_InputHelper.csproj", "{C5C00FDC-863F-4B65-9EDE-499C25618BDC}"
EndProject
Project("{FAE04EC0-301F-11D3-BF4B-00C04F79EFBC}") = "PengSW_JsonHelper", "PengSW_JsonHelper\PengSW_JsonHelper.csproj", "{155FFD1E-E582-46C1-B556-CD50B11C0AC9}"
EndProject
Project("{FAE04EC0-301F-11D3-BF4B-00C04F79EFBC}") = "PengSW_RuntimeLog", "PengSW_RuntimeLog\PengSW_RuntimeLog.csproj", "{7907AB08-DAF9-4AAA-965A-20864E8C9168}"
EndProject
Project("{FAE04EC0-301F-11D3-BF4B-00C04F79EFBC}") = "PengSW_WebHelper", "PengSW_WebHelper\PengSW_WebHelper.csproj", "{9C14DC9C-5361-4A61-A404-0E1F2968EB58}"
EndProject
Project("{FAE04EC0-301F-11D3-BF4B-00C04F79EFBC}") = "PengSW_WindowHelper", "PengSW_WindowHelper\PengSW_WindowHelper.csproj", "{686630F7-645C-4BB0-B7EA-9BB9E89D2BE6}"
EndProject
Project("{FAE04EC0-301F-11D3-BF4B-00C04F79EFBC}") = "PengSW_XmlHelper", "PengSW_XmlHelper\PengSW_XmlHelper.csproj", "{4265731F-333E-47CF-B3E2-79BBC3CA9914}"
EndProject
Global
	GlobalSection(SolutionConfigurationPlatforms) = preSolution
		Debug|Any CPU = Debug|Any CPU
		Release|Any CPU = Release|Any CPU
	EndGlobalSection
	GlobalSection(ProjectConfigurationPlatforms) = postSolution
		{3171F2EF-08A5-4184-967F-8991F3BB7DEE}.Debug|Any CPU.ActiveCfg = Debug|Any CPU
		{3171F2EF-08A5-4184-967F-8991F3BB7DEE}.Debug|Any CPU.Build.0 = Debug|Any CPU
		{3171F2EF-08A5-4184-967F-8991F3BB7DEE}.Release|Any CPU.ActiveCfg = Release|Any CPU
		{3171F2EF-08A5-4184-967F-8991F3BB7DEE}.Release|Any CPU.Build.0 = Release|Any CPU
		{DE179890-FD97-4290-907A-EF27CE25CEB8}.Debug|Any CPU.ActiveCfg = Debug|Any CPU
		{DE179890-FD97-4290-907A-EF27CE25CEB8}.Debug|Any CPU.Build.0 = Debug|Any CPU
		{DE179890-FD97-4290-907A-EF27CE25CEB8}.Release|Any CPU.ActiveCfg = Release|Any CPU
		{DE179890-FD97-4290-907A-EF27CE25CEB8}.Release|Any CPU.Build.0 = Release|Any CPU
		{C5C00FDC-863F-4B65-9EDE-499C25618BDC}.Debug|Any CPU.ActiveCfg = Debug|Any CPU
		{C5C00FDC-863F-4B65-9EDE-499C25618BDC}.Debug|Any CPU.Build.0 = Debug|Any CPU
		{C5C00FDC-863F-4B65-9EDE-499C25618BDC}.Release|Any CPU.ActiveCfg = Release|Any CPU
		{C5C00FDC-863F-4B65-9EDE-499C25618BDC}.Release|Any CPU.Build.0 = Release|Any CPU
		{155FFD1E-E582-46C1-B556-CD50B11C0AC9}.Debug|Any CPU.ActiveCfg = Debug|Any CPU
		{155FFD1E-E582-46C1-B556-CD50B11C0AC9}.Debug|Any CPU.Build.0 = Debug|Any CPU
		{155FFD1E-E582-46C1-B556-CD50B11C0AC9}.Release|Any CPU.ActiveCfg = Release|Any CPU
		{155FFD1E-E582-46C1-B556-CD50B11C0AC9}.Release|Any CPU.Build.0 = Release|Any CPU
		{7907AB08-DAF9-4AAA-965A-20864E8C9168}.Debug|Any CPU.ActiveCfg = Debug|Any CPU
		{7907AB08-DAF9-4AAA-965A-20864E8C9168}.Debug|Any CPU.Build.0 = Debug|Any CPU
		{7907AB08-DAF9-4AAA-965A-20864E8C9168}.Release|Any CPU.ActiveCfg = Release|Any CPU
		{7907AB08-DAF9-4AAA-965A-20864E8C9168}.Release|Any CPU.Build.0 = Release|Any CPU
		{9C14DC9C-5361-4A61-A404-0E1F2968EB58}.Debug|Any CPU.ActiveCfg = Debug|Any CPU
		{9C14DC9C-5361-4A61-A404-0E1F2968EB58}.Debug|Any CPU.Build.0 = Debug|Any CPU
		{9C14DC9C-5361-4A61-A404-0E1F2968EB58}.Release|Any CPU.ActiveCfg = Release|Any CPU
		{9C14DC9C-5361-4A61-A404-0E1F2968EB58}.Release|Any CPU.Build.0 = Release|Any CPU
		{686630F7-645C-4BB0-B7EA-9BB9E89D2BE6}.Debug|Any CPU.ActiveCfg = Debug|Any CPU
		{686630F7-645C-4BB0-B7EA-9BB9E89D2BE6}.Debug|Any CPU.Build.0 = Debug|Any CPU
		{686630F7-645C-4BB0-B7EA-9BB9E89D2BE6}.Release|Any CPU.ActiveCfg = Release|Any CPU
		{686630F7-645C-4BB0-B7EA-9BB9E89D2BE6}.Release|Any CPU.Build.0 = Release|Any CPU
		{4265731F-333E-47CF-B3E2-79BBC3CA9914}.Debug|Any CPU.ActiveCfg = Debug|Any CPU
		{4265731F-333E-47CF-B3E2-79BBC3CA9914}.Debug|Any CPU.Build.0 = Debug|Any CPU
		{4265731F-333E-47CF-B3E2-79BBC3CA9914}.Release|Any CPU.ActiveCfg = Release|Any CPU
		{4265731F-333E-47CF-B3E2-79BBC3CA9914}.Release|Any CPU.Build.0 = Release|Any CPU
	EndGlobalSection
	GlobalSection(SolutionProperties) = preSolution
		HideSolutionNode = FALSE
	EndGlobalSection
EndGlobal
